{
  "name": "mmm-network-signal",
  "version": "1.1.0",
  "lockfileVersion": 1,
  "requires": true,
  "dependencies": {
    "ping": {
      "version": "0.4.0",
      "resolved": "https://registry.npmjs.org/ping/-/ping-0.4.0.tgz",
      "integrity": "sha512-qymcd5Bwv74b9o7qzAduN8wffr3ba11ZLBjY6gPQR2LpQ++9He8keSRFSaBb3OcR4SvXCWhi9VbLD1ycUNhz9Q==",
      "requires": {
        "q": "1.x",
        "underscore": "^1.12.0"
      }
    },
    "q": {
      "version": "1.5.1",
      "resolved": "https://registry.npmjs.org/q/-/q-1.5.1.tgz",
      "integrity": "sha1-fjL3W0E4EpHQRhHxvxQQmsAGUdc="
    },
    "underscore": {
      "version": "1.12.0",
      "resolved": "https://registry.npmjs.org/underscore/-/underscore-1.12.0.tgz",
      "integrity": "sha512-21rQzss/XPMjolTiIezSu3JAjgagXKROtNrYFEOWK109qY1Uv2tVjPTZ1ci2HgvQDA16gHYSthQIJfB+XId/rQ=="
    }
  }
}
